
Microsoft Visual Studio Solution File, Format Version 12.00
# Visual Studio Version 17
VisualStudioVersion = 17.2.32210.308
MinimumVisualStudioVersion = 10.0.40219.1
Project("{9A19103F-16F7-4668-BE54-9A1E7A4F7556}") = "Eleicao.API", "Eleicao.API\Eleicao.API.csproj", "{A0BFB022-83C4-4E96-AF51-FE6759BE7F2E}"
EndProject
Project("{9A19103F-16F7-4668-BE54-9A1E7A4F7556}") = "Eleicao.Aplicacao", "Eleicao.Aplicacao\Eleicao.Aplicacao.csproj", "{DA891733-7AC5-4DA7-9E65-8203C9D104B3}"
EndProject
Project("{9A19103F-16F7-4668-BE54-9A1E7A4F7556}") = "Eleicao.Data", "Eleicao.Data\Eleicao.Data.csproj", "{6ACECEB1-03FD-49E1-9030-240049E8E71D}"
EndProject
Project("{9A19103F-16F7-4668-BE54-9A1E7A4F7556}") = "Eleicao.Dominio", "Eleicao.Dominio\Eleicao.Dominio.csproj", "{06BC4C6E-273E-4744-BF80-1EA376FA6A87}"
EndProject
Project("{9A19103F-16F7-4668-BE54-9A1E7A4F7556}") = "Eleicao.IoC", "Eleicao.IoC\Eleicao.IoC.csproj", "{35B7C227-AB9B-4CEB-BAF4-C9B2CA057533}"
EndProject
Project("{FAE04EC0-301F-11D3-BF4B-00C04F79EFBC}") = "Eleicao.DTL", "Eleicao.ViewModels\Eleicao.DTL.csproj", "{E322AB05-04B0-4F45-A1F0-0DBFB0791262}"
EndProject
Global
	GlobalSection(SolutionConfigurationPlatforms) = preSolution
		Debug|Any CPU = Debug|Any CPU
		Release|Any CPU = Release|Any CPU
	EndGlobalSection
	GlobalSection(ProjectConfigurationPlatforms) = postSolution
		{A0BFB022-83C4-4E96-AF51-FE6759BE7F2E}.Debug|Any CPU.ActiveCfg = Debug|Any CPU
		{A0BFB022-83C4-4E96-AF51-FE6759BE7F2E}.Debug|Any CPU.Build.0 = Debug|Any CPU
		{A0BFB022-83C4-4E96-AF51-FE6759BE7F2E}.Release|Any CPU.ActiveCfg = Release|Any CPU
		{A0BFB022-83C4-4E96-AF51-FE6759BE7F2E}.Release|Any CPU.Build.0 = Release|Any CPU
		{DA891733-7AC5-4DA7-9E65-8203C9D104B3}.Debug|Any CPU.ActiveCfg = Debug|Any CPU
		{DA891733-7AC5-4DA7-9E65-8203C9D104B3}.Debug|Any CPU.Build.0 = Debug|Any CPU
		{DA891733-7AC5-4DA7-9E65-8203C9D104B3}.Release|Any CPU.ActiveCfg = Release|Any CPU
		{DA891733-7AC5-4DA7-9E65-8203C9D104B3}.Release|Any CPU.Build.0 = Release|Any CPU
		{6ACECEB1-03FD-49E1-9030-240049E8E71D}.Debug|Any CPU.ActiveCfg = Debug|Any CPU
		{6ACECEB1-03FD-49E1-9030-240049E8E71D}.Debug|Any CPU.Build.0 = Debug|Any CPU
		{6ACECEB1-03FD-49E1-9030-240049E8E71D}.Release|Any CPU.ActiveCfg = Release|Any CPU
		{6ACECEB1-03FD-49E1-9030-240049E8E71D}.Release|Any CPU.Build.0 = Release|Any CPU
		{06BC4C6E-273E-4744-BF80-1EA376FA6A87}.Debug|Any CPU.ActiveCfg = Debug|Any CPU
		{06BC4C6E-273E-4744-BF80-1EA376FA6A87}.Debug|Any CPU.Build.0 = Debug|Any CPU
		{06BC4C6E-273E-4744-BF80-1EA376FA6A87}.Release|Any CPU.ActiveCfg = Release|Any CPU
		{06BC4C6E-273E-4744-BF80-1EA376FA6A87}.Release|Any CPU.Build.0 = Release|Any CPU
		{35B7C227-AB9B-4CEB-BAF4-C9B2CA057533}.Debug|Any CPU.ActiveCfg = Debug|Any CPU
		{35B7C227-AB9B-4CEB-BAF4-C9B2CA057533}.Debug|Any CPU.Build.0 = Debug|Any CPU
		{35B7C227-AB9B-4CEB-BAF4-C9B2CA057533}.Release|Any CPU.ActiveCfg = Release|Any CPU
		{35B7C227-AB9B-4CEB-BAF4-C9B2CA057533}.Release|Any CPU.Build.0 = Release|Any CPU
		{E322AB05-04B0-4F45-A1F0-0DBFB0791262}.Debug|Any CPU.ActiveCfg = Debug|Any CPU
		{E322AB05-04B0-4F45-A1F0-0DBFB0791262}.Debug|Any CPU.Build.0 = Debug|Any CPU
		{E322AB05-04B0-4F45-A1F0-0DBFB0791262}.Release|Any CPU.ActiveCfg = Release|Any CPU
		{E322AB05-04B0-4F45-A1F0-0DBFB0791262}.Release|Any CPU.Build.0 = Release|Any CPU
	EndGlobalSection
	GlobalSection(SolutionProperties) = preSolution
		HideSolutionNode = FALSE
	EndGlobalSection
	GlobalSection(ExtensibilityGlobals) = postSolution
		SolutionGuid = {BB600D85-FFA2-42BD-8CB8-26072E364450}
	EndGlobalSection
EndGlobal
